// !$*UTF8*$!
{
	archiveVersion = 1;
	classes = {
	};
	objectVersion = 56;
	objects = {

/* Begin PBXBuildFile section */
		2F944EA9593CAAB16A2691D1 /* Pods_connect1onTests.framework in Frameworks */ = {isa = PBXBuildFile; fileRef = C1781B4CA31F9818F435AA2D /* Pods_connect1onTests.framework */; };
		676EC89289C10F13820E96B8 /* Pods_connect1on.framework in Frameworks */ = {isa = PBXBuildFile; fileRef = F003C9C933B96B1378904FFD /* Pods_connect1on.framework */; };
		705CF1FC8DD408AD4F4F4D04 /* Pods_connect1on_connect1onUITests.framework in Frameworks */ = {isa = PBXBuildFile; fileRef = C5D84980E78A0A44A2678556 /* Pods_connect1on_connect1onUITests.framework */; };
		8505CDCB2953F9DF008E4932 /* MessageKit in Frameworks */ = {isa = PBXBuildFile; productRef = 8505CDCA2953F9DF008E4932 /* MessageKit */; };
		8505CDD129540046008E4932 /* MessageTableViewCell.swift in Sources */ = {isa = PBXBuildFile; fileRef = 8505CDD029540046008E4932 /* MessageTableViewCell.swift */; };
		8505CDDC29547362008E4932 /* Channel.swift in Sources */ = {isa = PBXBuildFile; fileRef = 8505CDDB29547362008E4932 /* Channel.swift */; };
		8505CDDE295486A7008E4932 /* NSObjc.swift in Sources */ = {isa = PBXBuildFile; fileRef = 8505CDDD295486A7008E4932 /* NSObjc.swift */; };
		8505CDE12954A038008E4932 /* Color.swift in Sources */ = {isa = PBXBuildFile; fileRef = 8505CDE02954A038008E4932 /* Color.swift */; };
		8505CDE32954A153008E4932 /* Message .swift in Sources */ = {isa = PBXBuildFile; fileRef = 8505CDE22954A153008E4932 /* Message .swift */; };
		8505CDE52954A19D008E4932 /* ImageItem.swift in Sources */ = {isa = PBXBuildFile; fileRef = 8505CDE42954A19D008E4932 /* ImageItem.swift */; };
		8505CDE72954A1E0008E4932 /* Sender.swift in Sources */ = {isa = PBXBuildFile; fileRef = 8505CDE62954A1E0008E4932 /* Sender.swift */; };
		8505CDEA2954A355008E4932 /* Mocks.swift in Sources */ = {isa = PBXBuildFile; fileRef = 8505CDE92954A355008E4932 /* Mocks.swift */; };
		8505CDEC295528B1008E4932 /* ViewController.swift in Sources */ = {isa = PBXBuildFile; fileRef = 8505CDEB295528B1008E4932 /* ViewController.swift */; };
		8510C300292F81950093BD1A /* MessageVC.swift in Sources */ = {isa = PBXBuildFile; fileRef = 8510C2FF292F81950093BD1A /* MessageVC.swift */; };
		8531E1A1294D042200C78AAF /* FacilitiesVC.swift in Sources */ = {isa = PBXBuildFile; fileRef = 8531E1A0294D042200C78AAF /* FacilitiesVC.swift */; };
		8531E1A3294D049C00C78AAF /* EventVC.swift in Sources */ = {isa = PBXBuildFile; fileRef = 8531E1A2294D049C00C78AAF /* EventVC.swift */; };
		8542293929677DF3009FDE3F /* AddVC.swift in Sources */ = {isa = PBXBuildFile; fileRef = 8542293829677DF3009FDE3F /* AddVC.swift */; };
		8556F4572962DDF70000B03E /* GoogleService-Info.plist in Resources */ = {isa = PBXBuildFile; fileRef = 8556F4562962DDF70000B03E /* GoogleService-Info.plist */; };
		8556F45A2962E6DA0000B03E /* FirebaseAuth in Frameworks */ = {isa = PBXBuildFile; productRef = 8556F4592962E6DA0000B03E /* FirebaseAuth */; };
		8556F45C2962E6DA0000B03E /* FirebaseFirestore in Frameworks */ = {isa = PBXBuildFile; productRef = 8556F45B2962E6DA0000B03E /* FirebaseFirestore */; };
		8556F45E2962E6DA0000B03E /* FirebaseFirestoreSwift in Frameworks */ = {isa = PBXBuildFile; productRef = 8556F45D2962E6DA0000B03E /* FirebaseFirestoreSwift */; };
		8556F4602962E6DA0000B03E /* FirebaseStorage in Frameworks */ = {isa = PBXBuildFile; productRef = 8556F45F2962E6DA0000B03E /* FirebaseStorage */; };
		85707497298A2C7B00E933BE /* Kingfisher in Frameworks */ = {isa = PBXBuildFile; productRef = 85707496298A2C7B00E933BE /* Kingfisher */; };
		8570749A298EA1F900E933BE /* SnapKit in Frameworks */ = {isa = PBXBuildFile; productRef = 85707499298EA1F900E933BE /* SnapKit */; };
		8570749D298EA22A00E933BE /* Then in Frameworks */ = {isa = PBXBuildFile; productRef = 8570749C298EA22A00E933BE /* Then */; };
		857074A0298EA36900E933BE /* Alamofire in Frameworks */ = {isa = PBXBuildFile; productRef = 8570749F298EA36900E933BE /* Alamofire */; };
		858024B62937806C003BBF05 /* API.swift in Sources */ = {isa = PBXBuildFile; fileRef = 858024B52937806C003BBF05 /* API.swift */; };
		858024B829378E4E003BBF05 /* Signin API.swift in Sources */ = {isa = PBXBuildFile; fileRef = 858024B729378E4E003BBF05 /* Signin API.swift */; };
		858024F02938D483003BBF05 /* SetVC.swift in Sources */ = {isa = PBXBuildFile; fileRef = 858024EF2938D483003BBF05 /* SetVC.swift */; };
		859D133A294634590003634D /* ChannelVC.swift in Sources */ = {isa = PBXBuildFile; fileRef = 859D1339294634590003634D /* ChannelVC.swift */; };
		859E1F6C292129CA00571D79 /* AppDelegate.swift in Sources */ = {isa = PBXBuildFile; fileRef = 859E1F6B292129CA00571D79 /* AppDelegate.swift */; };
		859E1F6E292129CA00571D79 /* SceneDelegate.swift in Sources */ = {isa = PBXBuildFile; fileRef = 859E1F6D292129CA00571D79 /* SceneDelegate.swift */; };
		859E1F75292129CB00571D79 /* Assets.xcassets in Resources */ = {isa = PBXBuildFile; fileRef = 859E1F74292129CB00571D79 /* Assets.xcassets */; };
		859E1F78292129CB00571D79 /* LaunchScreen.storyboard in Resources */ = {isa = PBXBuildFile; fileRef = 859E1F76292129CB00571D79 /* LaunchScreen.storyboard */; };
		859E1F9D2921306000571D79 /* TabBarcontroller.swift in Sources */ = {isa = PBXBuildFile; fileRef = 859E1F9C2921306000571D79 /* TabBarcontroller.swift */; };
		859E1F9F2921307F00571D79 /* HomeVC.swift in Sources */ = {isa = PBXBuildFile; fileRef = 859E1F9E2921307F00571D79 /* HomeVC.swift */; };
		859E1FA12921314400571D79 /* QuestionVC.swift in Sources */ = {isa = PBXBuildFile; fileRef = 859E1FA02921314400571D79 /* QuestionVC.swift */; };
		85E2EEA829266121000636BC /* ProfileVC.swift in Sources */ = {isa = PBXBuildFile; fileRef = 85E2EEA729266121000636BC /* ProfileVC.swift */; };
		85E2EEAB29266232000636BC /* Signin.swift in Sources */ = {isa = PBXBuildFile; fileRef = 85E2EEAA29266232000636BC /* Signin.swift */; };
		85E2EED5292946A5000636BC /* Font.otf in Resources */ = {isa = PBXBuildFile; fileRef = 85E2EED32929439C000636BC /* Font.otf */; };
		85F6AF7A2968949100FCFB4C /* QuestionTableViewCell.swift in Sources */ = {isa = PBXBuildFile; fileRef = 85F6AF792968949100FCFB4C /* QuestionTableViewCell.swift */; };
		85F6AF7C296AEB9400FCFB4C /* Question.swift in Sources */ = {isa = PBXBuildFile; fileRef = 85F6AF7B296AEB9400FCFB4C /* Question.swift */; };
/* End PBXBuildFile section */

/* Begin PBXContainerItemProxy section */
		859E1F7F292129CB00571D79 /* PBXContainerItemProxy */ = {
			isa = PBXContainerItemProxy;
			containerPortal = 859E1F60292129CA00571D79 /* Project object */;
			proxyType = 1;
			remoteGlobalIDString = 859E1F67292129CA00571D79;
			remoteInfo = connect1on;
		};
		859E1F89292129CB00571D79 /* PBXContainerItemProxy */ = {
			isa = PBXContainerItemProxy;
			containerPortal = 859E1F60292129CA00571D79 /* Project object */;
			proxyType = 1;
			remoteGlobalIDString = 859E1F67292129CA00571D79;
			remoteInfo = connect1on;
		};
/* End PBXContainerItemProxy section */

/* Begin PBXFileReference section */
		40DD7FF69BB4981F7E7081BB /* Pods-connect1on-connect1onUITests.debug.xcconfig */ = {isa = PBXFileReference; includeInIndex = 1; lastKnownFileType = text.xcconfig; name = "Pods-connect1on-connect1onUITests.debug.xcconfig"; path = "Target Support Files/Pods-connect1on-connect1onUITests/Pods-connect1on-connect1onUITests.debug.xcconfig"; sourceTree = "<group>"; };
		438EA330C30B82D531AD9B95 /* Pods-connect1onTests.debug.xcconfig */ = {isa = PBXFileReference; includeInIndex = 1; lastKnownFileType = text.xcconfig; name = "Pods-connect1onTests.debug.xcconfig"; path = "Target Support Files/Pods-connect1onTests/Pods-connect1onTests.debug.xcconfig"; sourceTree = "<group>"; };
		8505CDD029540046008E4932 /* MessageTableViewCell.swift */ = {isa = PBXFileReference; lastKnownFileType = sourcecode.swift; path = MessageTableViewCell.swift; sourceTree = "<group>"; };
		8505CDDB29547362008E4932 /* Channel.swift */ = {isa = PBXFileReference; lastKnownFileType = sourcecode.swift; name = Channel.swift; path = connect1on/TabBar/message/Channel.swift; sourceTree = SOURCE_ROOT; };
		8505CDDD295486A7008E4932 /* NSObjc.swift */ = {isa = PBXFileReference; lastKnownFileType = sourcecode.swift; path = NSObjc.swift; sourceTree = "<group>"; };
		8505CDE02954A038008E4932 /* Color.swift */ = {isa = PBXFileReference; lastKnownFileType = sourcecode.swift; path = Color.swift; sourceTree = "<group>"; };
		8505CDE22954A153008E4932 /* Message .swift */ = {isa = PBXFileReference; lastKnownFileType = sourcecode.swift; path = "Message .swift"; sourceTree = "<group>"; };
		8505CDE42954A19D008E4932 /* ImageItem.swift */ = {isa = PBXFileReference; lastKnownFileType = sourcecode.swift; path = ImageItem.swift; sourceTree = "<group>"; };
		8505CDE62954A1E0008E4932 /* Sender.swift */ = {isa = PBXFileReference; lastKnownFileType = sourcecode.swift; path = Sender.swift; sourceTree = "<group>"; };
		8505CDE92954A355008E4932 /* Mocks.swift */ = {isa = PBXFileReference; lastKnownFileType = sourcecode.swift; path = Mocks.swift; sourceTree = "<group>"; };
		8505CDEB295528B1008E4932 /* ViewController.swift */ = {isa = PBXFileReference; fileEncoding = 4; lastKnownFileType = sourcecode.swift; path = ViewController.swift; sourceTree = "<group>"; };
		8505CDEF29552955008E4932 /* Info.plist */ = {isa = PBXFileReference; fileEncoding = 4; lastKnownFileType = text.plist.xml; path = Info.plist; sourceTree = "<group>"; };
		8510C2FF292F81950093BD1A /* MessageVC.swift */ = {isa = PBXFileReference; lastKnownFileType = sourcecode.swift; path = MessageVC.swift; sourceTree = "<group>"; };
		8531E1A0294D042200C78AAF /* FacilitiesVC.swift */ = {isa = PBXFileReference; lastKnownFileType = sourcecode.swift; path = FacilitiesVC.swift; sourceTree = "<group>"; };
		8531E1A2294D049C00C78AAF /* EventVC.swift */ = {isa = PBXFileReference; lastKnownFileType = sourcecode.swift; path = EventVC.swift; sourceTree = "<group>"; };
		8542293829677DF3009FDE3F /* AddVC.swift */ = {isa = PBXFileReference; lastKnownFileType = sourcecode.swift; path = AddVC.swift; sourceTree = "<group>"; };
		8556F4562962DDF70000B03E /* GoogleService-Info.plist */ = {isa = PBXFileReference; fileEncoding = 4; lastKnownFileType = text.plist.xml; path = "GoogleService-Info.plist"; sourceTree = "<group>"; };
		858024B52937806C003BBF05 /* API.swift */ = {isa = PBXFileReference; lastKnownFileType = sourcecode.swift; path = API.swift; sourceTree = "<group>"; };
		858024B729378E4E003BBF05 /* Signin API.swift */ = {isa = PBXFileReference; lastKnownFileType = sourcecode.swift; path = "Signin API.swift"; sourceTree = "<group>"; };
		858024EF2938D483003BBF05 /* SetVC.swift */ = {isa = PBXFileReference; lastKnownFileType = sourcecode.swift; path = SetVC.swift; sourceTree = "<group>"; };
		859D1339294634590003634D /* ChannelVC.swift */ = {isa = PBXFileReference; lastKnownFileType = sourcecode.swift; name = ChannelVC.swift; path = /Users/choesihun/Documents/GitHub/iOS/connect1on/connect1on/TabBar/message/ChannelVC.swift; sourceTree = "<absolute>"; };
		859E1F68292129CA00571D79 /* connect1on.app */ = {isa = PBXFileReference; explicitFileType = wrapper.application; includeInIndex = 0; path = connect1on.app; sourceTree = BUILT_PRODUCTS_DIR; };
		859E1F6B292129CA00571D79 /* AppDelegate.swift */ = {isa = PBXFileReference; lastKnownFileType = sourcecode.swift; path = AppDelegate.swift; sourceTree = "<group>"; };
		859E1F6D292129CA00571D79 /* SceneDelegate.swift */ = {isa = PBXFileReference; lastKnownFileType = sourcecode.swift; path = SceneDelegate.swift; sourceTree = "<group>"; };
		859E1F74292129CB00571D79 /* Assets.xcassets */ = {isa = PBXFileReference; lastKnownFileType = folder.assetcatalog; path = Assets.xcassets; sourceTree = "<group>"; };
		859E1F77292129CB00571D79 /* Base */ = {isa = PBXFileReference; lastKnownFileType = file.storyboard; name = Base; path = Base.lproj/LaunchScreen.storyboard; sourceTree = "<group>"; };
		859E1F7E292129CB00571D79 /* connect1onTests.xctest */ = {isa = PBXFileReference; explicitFileType = wrapper.cfbundle; includeInIndex = 0; path = connect1onTests.xctest; sourceTree = BUILT_PRODUCTS_DIR; };
		859E1F88292129CB00571D79 /* connect1onUITests.xctest */ = {isa = PBXFileReference; explicitFileType = wrapper.cfbundle; includeInIndex = 0; path = connect1onUITests.xctest; sourceTree = BUILT_PRODUCTS_DIR; };
		859E1F9C2921306000571D79 /* TabBarcontroller.swift */ = {isa = PBXFileReference; lastKnownFileType = sourcecode.swift; path = TabBarcontroller.swift; sourceTree = "<group>"; };
		859E1F9E2921307F00571D79 /* HomeVC.swift */ = {isa = PBXFileReference; lastKnownFileType = sourcecode.swift; path = HomeVC.swift; sourceTree = "<group>"; };
		859E1FA02921314400571D79 /* QuestionVC.swift */ = {isa = PBXFileReference; lastKnownFileType = sourcecode.swift; path = QuestionVC.swift; sourceTree = "<group>"; };
		85E2EEA729266121000636BC /* ProfileVC.swift */ = {isa = PBXFileReference; lastKnownFileType = sourcecode.swift; path = ProfileVC.swift; sourceTree = "<group>"; };
		85E2EEAA29266232000636BC /* Signin.swift */ = {isa = PBXFileReference; lastKnownFileType = sourcecode.swift; path = Signin.swift; sourceTree = "<group>"; };
		85E2EED32929439C000636BC /* Font.otf */ = {isa = PBXFileReference; lastKnownFileType = file; path = Font.otf; sourceTree = "<group>"; };
		85F6AF792968949100FCFB4C /* QuestionTableViewCell.swift */ = {isa = PBXFileReference; lastKnownFileType = sourcecode.swift; path = QuestionTableViewCell.swift; sourceTree = "<group>"; };
		85F6AF7B296AEB9400FCFB4C /* Question.swift */ = {isa = PBXFileReference; lastKnownFileType = sourcecode.swift; path = Question.swift; sourceTree = "<group>"; };
		9069A682E87E154FF4A8A14A /* Pods-connect1on.debug.xcconfig */ = {isa = PBXFileReference; includeInIndex = 1; lastKnownFileType = text.xcconfig; name = "Pods-connect1on.debug.xcconfig"; path = "Target Support Files/Pods-connect1on/Pods-connect1on.debug.xcconfig"; sourceTree = "<group>"; };
		960D1ACFE15C91BFD584D495 /* Pods-connect1on.release.xcconfig */ = {isa = PBXFileReference; includeInIndex = 1; lastKnownFileType = text.xcconfig; name = "Pods-connect1on.release.xcconfig"; path = "Target Support Files/Pods-connect1on/Pods-connect1on.release.xcconfig"; sourceTree = "<group>"; };
		C1781B4CA31F9818F435AA2D /* Pods_connect1onTests.framework */ = {isa = PBXFileReference; explicitFileType = wrapper.framework; includeInIndex = 0; path = Pods_connect1onTests.framework; sourceTree = BUILT_PRODUCTS_DIR; };
		C5D84980E78A0A44A2678556 /* Pods_connect1on_connect1onUITests.framework */ = {isa = PBXFileReference; explicitFileType = wrapper.framework; includeInIndex = 0; path = Pods_connect1on_connect1onUITests.framework; sourceTree = BUILT_PRODUCTS_DIR; };
		DEBF8AE98E5AE7C91FF67D93 /* Pods-connect1on-connect1onUITests.release.xcconfig */ = {isa = PBXFileReference; includeInIndex = 1; lastKnownFileType = text.xcconfig; name = "Pods-connect1on-connect1onUITests.release.xcconfig"; path = "Target Support Files/Pods-connect1on-connect1onUITests/Pods-connect1on-connect1onUITests.release.xcconfig"; sourceTree = "<group>"; };
		F003C9C933B96B1378904FFD /* Pods_connect1on.framework */ = {isa = PBXFileReference; explicitFileType = wrapper.framework; includeInIndex = 0; path = Pods_connect1on.framework; sourceTree = BUILT_PRODUCTS_DIR; };
		F6F9656CFC115EA49D81848F /* Pods-connect1onTests.release.xcconfig */ = {isa = PBXFileReference; includeInIndex = 1; lastKnownFileType = text.xcconfig; name = "Pods-connect1onTests.release.xcconfig"; path = "Target Support Files/Pods-connect1onTests/Pods-connect1onTests.release.xcconfig"; sourceTree = "<group>"; };
/* End PBXFileReference section */

/* Begin PBXFrameworksBuildPhase section */
		859E1F65292129CA00571D79 /* Frameworks */ = {
			isa = PBXFrameworksBuildPhase;
			buildActionMask = 2147483647;
			files = (
				857074A0298EA36900E933BE /* Alamofire in Frameworks */,
				8556F45E2962E6DA0000B03E /* FirebaseFirestoreSwift in Frameworks */,
				85707497298A2C7B00E933BE /* Kingfisher in Frameworks */,
				8556F45C2962E6DA0000B03E /* FirebaseFirestore in Frameworks */,
				8570749D298EA22A00E933BE /* Then in Frameworks */,
				8570749A298EA1F900E933BE /* SnapKit in Frameworks */,
				8556F45A2962E6DA0000B03E /* FirebaseAuth in Frameworks */,
				8505CDCB2953F9DF008E4932 /* MessageKit in Frameworks */,
				8556F4602962E6DA0000B03E /* FirebaseStorage in Frameworks */,
				676EC89289C10F13820E96B8 /* Pods_connect1on.framework in Frameworks */,
			);
			runOnlyForDeploymentPostprocessing = 0;
		};
		859E1F7B292129CB00571D79 /* Frameworks */ = {
			isa = PBXFrameworksBuildPhase;
			buildActionMask = 2147483647;
			files = (
				2F944EA9593CAAB16A2691D1 /* Pods_connect1onTests.framework in Frameworks */,
			);
			runOnlyForDeploymentPostprocessing = 0;
		};
		859E1F85292129CB00571D79 /* Frameworks */ = {
			isa = PBXFrameworksBuildPhase;
			buildActionMask = 2147483647;
			files = (
				705CF1FC8DD408AD4F4F4D04 /* Pods_connect1on_connect1onUITests.framework in Frameworks */,
			);
			runOnlyForDeploymentPostprocessing = 0;
		};
/* End PBXFrameworksBuildPhase section */

/* Begin PBXGroup section */
		5D9ADD2BA12FCD8DAD960725 /* Frameworks */ = {
			isa = PBXGroup;
			children = (
				F003C9C933B96B1378904FFD /* Pods_connect1on.framework */,
				C5D84980E78A0A44A2678556 /* Pods_connect1on_connect1onUITests.framework */,
				C1781B4CA31F9818F435AA2D /* Pods_connect1onTests.framework */,
			);
			name = Frameworks;
			sourceTree = "<group>";
		};
		8505CDD72954569C008E4932 /* View */ = {
			isa = PBXGroup;
			children = (
				8505CDD029540046008E4932 /* MessageTableViewCell.swift */,
			);
			path = View;
			sourceTree = "<group>";
		};
		8505CDDA295457AD008E4932 /* Model */ = {
			isa = PBXGroup;
			children = (
				858024B729378E4E003BBF05 /* Signin API.swift */,
				8505CDDB29547362008E4932 /* Channel.swift */,
				8505CDE22954A153008E4932 /* Message .swift */,
				8505CDE42954A19D008E4932 /* ImageItem.swift */,
				8505CDE92954A355008E4932 /* Mocks.swift */,
				85F6AF7B296AEB9400FCFB4C /* Question.swift */,
			);
			path = Model;
			sourceTree = "<group>";
		};
		8505CDDF2954A015008E4932 /* Extension */ = {
			isa = PBXGroup;
			children = (
				8505CDDD295486A7008E4932 /* NSObjc.swift */,
				8505CDE02954A038008E4932 /* Color.swift */,
			);
			path = Extension;
			sourceTree = "<group>";
		};
		8505CDE82954A1E3008E4932 /* Resousce */ = {
			isa = PBXGroup;
			children = (
				858024B52937806C003BBF05 /* API.swift */,
				8505CDE62954A1E0008E4932 /* Sender.swift */,
				859E1F74292129CB00571D79 /* Assets.xcassets */,
				859E1F76292129CB00571D79 /* LaunchScreen.storyboard */,
				859E1F6B292129CA00571D79 /* AppDelegate.swift */,
				859E1F6D292129CA00571D79 /* SceneDelegate.swift */,
				8505CDEB295528B1008E4932 /* ViewController.swift */,
				85E2EED32929439C000636BC /* Font.otf */,
			);
			path = Resousce;
			sourceTree = "<group>";
		};
		8531E19F294CFDDB00C78AAF /* Home */ = {
			isa = PBXGroup;
			children = (
				859E1F9E2921307F00571D79 /* HomeVC.swift */,
				8531E1A0294D042200C78AAF /* FacilitiesVC.swift */,
				8531E1A2294D049C00C78AAF /* EventVC.swift */,
			);
			path = Home;
			sourceTree = "<group>";
		};
		859AF2AB293F98AE001155E6 /* message */ = {
			isa = PBXGroup;
			children = (
				859D1339294634590003634D /* ChannelVC.swift */,
				8510C2FF292F81950093BD1A /* MessageVC.swift */,
				8505CDD72954569C008E4932 /* View */,
			);
			path = message;
			sourceTree = "<group>";
		};
		859E1F5F292129CA00571D79 = {
			isa = PBXGroup;
			children = (
				859E1F6A292129CA00571D79 /* connect1on */,
				859E1F69292129CA00571D79 /* Products */,
				A13477B22D047A5D67ABEDC7 /* Pods */,
				5D9ADD2BA12FCD8DAD960725 /* Frameworks */,
			);
			sourceTree = "<group>";
		};
		859E1F69292129CA00571D79 /* Products */ = {
			isa = PBXGroup;
			children = (
				859E1F68292129CA00571D79 /* connect1on.app */,
				859E1F7E292129CB00571D79 /* connect1onTests.xctest */,
				859E1F88292129CB00571D79 /* connect1onUITests.xctest */,
			);
			name = Products;
			sourceTree = "<group>";
		};
		859E1F6A292129CA00571D79 /* connect1on */ = {
			isa = PBXGroup;
			children = (
				8505CDEF29552955008E4932 /* Info.plist */,
				8556F4562962DDF70000B03E /* GoogleService-Info.plist */,
				8505CDE82954A1E3008E4932 /* Resousce */,
				8505CDDF2954A015008E4932 /* Extension */,
				8505CDDA295457AD008E4932 /* Model */,
				85E2EEA92926621B000636BC /* login */,
				859E1F9B29212CBC00571D79 /* TabBar */,
			);
			path = connect1on;
			sourceTree = "<group>";
		};
		859E1F9B29212CBC00571D79 /* TabBar */ = {
			isa = PBXGroup;
			children = (
				859E1F9C2921306000571D79 /* TabBarcontroller.swift */,
				859E1FA02921314400571D79 /* QuestionVC.swift */,
				85F6AF792968949100FCFB4C /* QuestionTableViewCell.swift */,
				8542293829677DF3009FDE3F /* AddVC.swift */,
				85E2EEA729266121000636BC /* ProfileVC.swift */,
				858024EF2938D483003BBF05 /* SetVC.swift */,
				8531E19F294CFDDB00C78AAF /* Home */,
				859AF2AB293F98AE001155E6 /* message */,
			);
			path = TabBar;
			sourceTree = "<group>";
		};
		85E2EEA92926621B000636BC /* login */ = {
			isa = PBXGroup;
			children = (
				85E2EEAA29266232000636BC /* Signin.swift */,
			);
			path = login;
			sourceTree = "<group>";
		};
		A13477B22D047A5D67ABEDC7 /* Pods */ = {
			isa = PBXGroup;
			children = (
				9069A682E87E154FF4A8A14A /* Pods-connect1on.debug.xcconfig */,
				960D1ACFE15C91BFD584D495 /* Pods-connect1on.release.xcconfig */,
				40DD7FF69BB4981F7E7081BB /* Pods-connect1on-connect1onUITests.debug.xcconfig */,
				DEBF8AE98E5AE7C91FF67D93 /* Pods-connect1on-connect1onUITests.release.xcconfig */,
				438EA330C30B82D531AD9B95 /* Pods-connect1onTests.debug.xcconfig */,
				F6F9656CFC115EA49D81848F /* Pods-connect1onTests.release.xcconfig */,
			);
			path = Pods;
			sourceTree = "<group>";
		};
/* End PBXGroup section */

/* Begin PBXNativeTarget section */
		859E1F67292129CA00571D79 /* connect1on */ = {
			isa = PBXNativeTarget;
			buildConfigurationList = 859E1F92292129CB00571D79 /* Build configuration list for PBXNativeTarget "connect1on" */;
			buildPhases = (
				F415179A40AD6FAB02A030E0 /* [CP] Check Pods Manifest.lock */,
				859E1F64292129CA00571D79 /* Sources */,
				859E1F65292129CA00571D79 /* Frameworks */,
				859E1F66292129CA00571D79 /* Resources */,
			);
			buildRules = (
			);
			dependencies = (
			);
			name = connect1on;
			packageProductDependencies = (
				8505CDCA2953F9DF008E4932 /* MessageKit */,
				8556F4592962E6DA0000B03E /* FirebaseAuth */,
				8556F45B2962E6DA0000B03E /* FirebaseFirestore */,
				8556F45D2962E6DA0000B03E /* FirebaseFirestoreSwift */,
				8556F45F2962E6DA0000B03E /* FirebaseStorage */,
				85707496298A2C7B00E933BE /* Kingfisher */,
				85707499298EA1F900E933BE /* SnapKit */,
				8570749C298EA22A00E933BE /* Then */,
				8570749F298EA36900E933BE /* Alamofire */,
			);
			productName = connect1on;
			productReference = 859E1F68292129CA00571D79 /* connect1on.app */;
			productType = "com.apple.product-type.application";
		};
		859E1F7D292129CB00571D79 /* connect1onTests */ = {
			isa = PBXNativeTarget;
			buildConfigurationList = 859E1F95292129CB00571D79 /* Build configuration list for PBXNativeTarget "connect1onTests" */;
			buildPhases = (
				3345B7190415589620F99A08 /* [CP] Check Pods Manifest.lock */,
				859E1F7A292129CB00571D79 /* Sources */,
				859E1F7B292129CB00571D79 /* Frameworks */,
				859E1F7C292129CB00571D79 /* Resources */,
			);
			buildRules = (
			);
			dependencies = (
				859E1F80292129CB00571D79 /* PBXTargetDependency */,
			);
			name = connect1onTests;
			productName = connect1onTests;
			productReference = 859E1F7E292129CB00571D79 /* connect1onTests.xctest */;
			productType = "com.apple.product-type.bundle.unit-test";
		};
		859E1F87292129CB00571D79 /* connect1onUITests */ = {
			isa = PBXNativeTarget;
			buildConfigurationList = 859E1F98292129CB00571D79 /* Build configuration list for PBXNativeTarget "connect1onUITests" */;
			buildPhases = (
				9DABD639B6C432F330D1C783 /* [CP] Check Pods Manifest.lock */,
				859E1F84292129CB00571D79 /* Sources */,
				859E1F85292129CB00571D79 /* Frameworks */,
				859E1F86292129CB00571D79 /* Resources */,
			);
			buildRules = (
			);
			dependencies = (
				859E1F8A292129CB00571D79 /* PBXTargetDependency */,
			);
			name = connect1onUITests;
			productName = connect1onUITests;
			productReference = 859E1F88292129CB00571D79 /* connect1onUITests.xctest */;
			productType = "com.apple.product-type.bundle.ui-testing";
		};
/* End PBXNativeTarget section */

/* Begin PBXProject section */
		859E1F60292129CA00571D79 /* Project object */ = {
			isa = PBXProject;
			attributes = {
				BuildIndependentTargetsInParallel = 1;
				LastSwiftUpdateCheck = 1400;
				LastUpgradeCheck = 1400;
				TargetAttributes = {
					859E1F67292129CA00571D79 = {
						CreatedOnToolsVersion = 14.0.1;
					};
					859E1F7D292129CB00571D79 = {
						CreatedOnToolsVersion = 14.0.1;
						TestTargetID = 859E1F67292129CA00571D79;
					};
					859E1F87292129CB00571D79 = {
						CreatedOnToolsVersion = 14.0.1;
						TestTargetID = 859E1F67292129CA00571D79;
					};
				};
			};
			buildConfigurationList = 859E1F63292129CA00571D79 /* Build configuration list for PBXProject "connet1on" */;
			compatibilityVersion = "Xcode 14.0";
			developmentRegion = en;
			hasScannedForEncodings = 0;
			knownRegions = (
				en,
				Base,
			);
			mainGroup = 859E1F5F292129CA00571D79;
			packageReferences = (
				8505CDC92953F9DF008E4932 /* XCRemoteSwiftPackageReference "MessageKit" */,
				8556F4582962E6DA0000B03E /* XCRemoteSwiftPackageReference "firebase-ios-sdk" */,
				85707495298A2C7B00E933BE /* XCRemoteSwiftPackageReference "Kingfisher" */,
				85707498298EA1F900E933BE /* XCRemoteSwiftPackageReference "SnapKit" */,
				8570749B298EA22A00E933BE /* XCRemoteSwiftPackageReference "Then" */,
				8570749E298EA36900E933BE /* XCRemoteSwiftPackageReference "Alamofire" */,
			);
			productRefGroup = 859E1F69292129CA00571D79 /* Products */;
			projectDirPath = "";
			projectRoot = "";
			targets = (
				859E1F67292129CA00571D79 /* connect1on */,
				859E1F7D292129CB00571D79 /* connect1onTests */,
				859E1F87292129CB00571D79 /* connect1onUITests */,
			);
		};
/* End PBXProject section */

/* Begin PBXResourcesBuildPhase section */
		859E1F66292129CA00571D79 /* Resources */ = {
			isa = PBXResourcesBuildPhase;
			buildActionMask = 2147483647;
			files = (
				85E2EED5292946A5000636BC /* Font.otf in Resources */,
				8556F4572962DDF70000B03E /* GoogleService-Info.plist in Resources */,
				859E1F78292129CB00571D79 /* LaunchScreen.storyboard in Resources */,
				859E1F75292129CB00571D79 /* Assets.xcassets in Resources */,
			);
			runOnlyForDeploymentPostprocessing = 0;
		};
		859E1F7C292129CB00571D79 /* Resources */ = {
			isa = PBXResourcesBuildPhase;
			buildActionMask = 2147483647;
			files = (
			);
			runOnlyForDeploymentPostprocessing = 0;
		};
		859E1F86292129CB00571D79 /* Resources */ = {
			isa = PBXResourcesBuildPhase;
			buildActionMask = 2147483647;
			files = (
			);
			runOnlyForDeploymentPostprocessing = 0;
		};
/* End PBXResourcesBuildPhase section */

/* Begin PBXShellScriptBuildPhase section */
		3345B7190415589620F99A08 /* [CP] Check Pods Manifest.lock */ = {
			isa = PBXShellScriptBuildPhase;
			buildActionMask = 2147483647;
			files = (
			);
			inputFileListPaths = (
			);
			inputPaths = (
				"${PODS_PODFILE_DIR_PATH}/Podfile.lock",
				"${PODS_ROOT}/Manifest.lock",
			);
			name = "[CP] Check Pods Manifest.lock";
			outputFileListPaths = (
			);
			outputPaths = (
				"$(DERIVED_FILE_DIR)/Pods-connect1onTests-checkManifestLockResult.txt",
			);
			runOnlyForDeploymentPostprocessing = 0;
			shellPath = /bin/sh;
			shellScript = "diff \"${PODS_PODFILE_DIR_PATH}/Podfile.lock\" \"${PODS_ROOT}/Manifest.lock\" > /dev/null\nif [ $? != 0 ] ; then\n    # print error to STDERR\n    echo \"error: The sandbox is not in sync with the Podfile.lock. Run 'pod install' or update your CocoaPods installation.\" >&2\n    exit 1\nfi\n# This output is used by Xcode 'outputs' to avoid re-running this script phase.\necho \"SUCCESS\" > \"${SCRIPT_OUTPUT_FILE_0}\"\n";
			showEnvVarsInLog = 0;
		};
		9DABD639B6C432F330D1C783 /* [CP] Check Pods Manifest.lock */ = {
			isa = PBXShellScriptBuildPhase;
			buildActionMask = 2147483647;
			files = (
			);
			inputFileListPaths = (
			);
			inputPaths = (
				"${PODS_PODFILE_DIR_PATH}/Podfile.lock",
				"${PODS_ROOT}/Manifest.lock",
			);
			name = "[CP] Check Pods Manifest.lock";
			outputFileListPaths = (
			);
			outputPaths = (
				"$(DERIVED_FILE_DIR)/Pods-connect1on-connect1onUITests-checkManifestLockResult.txt",
			);
			runOnlyForDeploymentPostprocessing = 0;
			shellPath = /bin/sh;
			shellScript = "diff \"${PODS_PODFILE_DIR_PATH}/Podfile.lock\" \"${PODS_ROOT}/Manifest.lock\" > /dev/null\nif [ $? != 0 ] ; then\n    # print error to STDERR\n    echo \"error: The sandbox is not in sync with the Podfile.lock. Run 'pod install' or update your CocoaPods installation.\" >&2\n    exit 1\nfi\n# This output is used by Xcode 'outputs' to avoid re-running this script phase.\necho \"SUCCESS\" > \"${SCRIPT_OUTPUT_FILE_0}\"\n";
			showEnvVarsInLog = 0;
		};
		F415179A40AD6FAB02A030E0 /* [CP] Check Pods Manifest.lock */ = {
			isa = PBXShellScriptBuildPhase;
			buildActionMask = 2147483647;
			files = (
			);
			inputFileListPaths = (
			);
			inputPaths = (
				"${PODS_PODFILE_DIR_PATH}/Podfile.lock",
				"${PODS_ROOT}/Manifest.lock",
			);
			name = "[CP] Check Pods Manifest.lock";
			outputFileListPaths = (
			);
			outputPaths = (
				"$(DERIVED_FILE_DIR)/Pods-connect1on-checkManifestLockResult.txt",
			);
			runOnlyForDeploymentPostprocessing = 0;
			shellPath = /bin/sh;
			shellScript = "diff \"${PODS_PODFILE_DIR_PATH}/Podfile.lock\" \"${PODS_ROOT}/Manifest.lock\" > /dev/null\nif [ $? != 0 ] ; then\n    # print error to STDERR\n    echo \"error: The sandbox is not in sync with the Podfile.lock. Run 'pod install' or update your CocoaPods installation.\" >&2\n    exit 1\nfi\n# This output is used by Xcode 'outputs' to avoid re-running this script phase.\necho \"SUCCESS\" > \"${SCRIPT_OUTPUT_FILE_0}\"\n";
			showEnvVarsInLog = 0;
		};
/* End PBXShellScriptBuildPhase section */

/* Begin PBXSourcesBuildPhase section */
		859E1F64292129CA00571D79 /* Sources */ = {
			isa = PBXSourcesBuildPhase;
			buildActionMask = 2147483647;
			files = (
				8505CDD129540046008E4932 /* MessageTableViewCell.swift in Sources */,
				85F6AF7A2968949100FCFB4C /* QuestionTableViewCell.swift in Sources */,
				85E2EEA829266121000636BC /* ProfileVC.swift in Sources */,
				859E1FA12921314400571D79 /* QuestionVC.swift in Sources */,
				859D133A294634590003634D /* ChannelVC.swift in Sources */,
				858024F02938D483003BBF05 /* SetVC.swift in Sources */,
				858024B829378E4E003BBF05 /* Signin API.swift in Sources */,
				858024B62937806C003BBF05 /* API.swift in Sources */,
				8505CDEC295528B1008E4932 /* ViewController.swift in Sources */,
				8505CDDC29547362008E4932 /* Channel.swift in Sources */,
				85E2EEAB29266232000636BC /* Signin.swift in Sources */,
				859E1F6C292129CA00571D79 /* AppDelegate.swift in Sources */,
				8505CDE12954A038008E4932 /* Color.swift in Sources */,
				8505CDEA2954A355008E4932 /* Mocks.swift in Sources */,
				8505CDE52954A19D008E4932 /* ImageItem.swift in Sources */,
				859E1F9F2921307F00571D79 /* HomeVC.swift in Sources */,
				859E1F6E292129CA00571D79 /* SceneDelegate.swift in Sources */,
				8531E1A1294D042200C78AAF /* FacilitiesVC.swift in Sources */,
				8505CDE72954A1E0008E4932 /* Sender.swift in Sources */,
				8531E1A3294D049C00C78AAF /* EventVC.swift in Sources */,
				8510C300292F81950093BD1A /* MessageVC.swift in Sources */,
				85F6AF7C296AEB9400FCFB4C /* Question.swift in Sources */,
				8505CDDE295486A7008E4932 /* NSObjc.swift in Sources */,
				8505CDE32954A153008E4932 /* Message .swift in Sources */,
				859E1F9D2921306000571D79 /* TabBarcontroller.swift in Sources */,
				8542293929677DF3009FDE3F /* AddVC.swift in Sources */,
			);
			runOnlyForDeploymentPostprocessing = 0;
		};
		859E1F7A292129CB00571D79 /* Sources */ = {
			isa = PBXSourcesBuildPhase;
			buildActionMask = 2147483647;
			files = (
			);
			runOnlyForDeploymentPostprocessing = 0;
		};
		859E1F84292129CB00571D79 /* Sources */ = {
			isa = PBXSourcesBuildPhase;
			buildActionMask = 2147483647;
			files = (
			);
			runOnlyForDeploymentPostprocessing = 0;
		};
/* End PBXSourcesBuildPhase section */

/* Begin PBXTargetDependency section */
		859E1F80292129CB00571D79 /* PBXTargetDependency */ = {
			isa = PBXTargetDependency;
			target = 859E1F67292129CA00571D79 /* connect1on */;
			targetProxy = 859E1F7F292129CB00571D79 /* PBXContainerItemProxy */;
		};
		859E1F8A292129CB00571D79 /* PBXTargetDependency */ = {
			isa = PBXTargetDependency;
			target = 859E1F67292129CA00571D79 /* connect1on */;
			targetProxy = 859E1F89292129CB00571D79 /* PBXContainerItemProxy */;
		};
/* End PBXTargetDependency section */

/* Begin PBXVariantGroup section */
		859E1F76292129CB00571D79 /* LaunchScreen.storyboard */ = {
			isa = PBXVariantGroup;
			children = (
				859E1F77292129CB00571D79 /* Base */,
			);
			name = LaunchScreen.storyboard;
			sourceTree = "<group>";
		};
/* End PBXVariantGroup section */

/* Begin XCBuildConfiguration section */
		859E1F90292129CB00571D79 /* Debug */ = {
			isa = XCBuildConfiguration;
			buildSettings = {
				ALWAYS_SEARCH_USER_PATHS = NO;
				CLANG_ANALYZER_NONNULL = YES;
				CLANG_ANALYZER_NUMBER_OBJECT_CONVERSION = YES_AGGRESSIVE;
				CLANG_CXX_LANGUAGE_STANDARD = "gnu++20";
				CLANG_ENABLE_MODULES = YES;
				CLANG_ENABLE_OBJC_ARC = YES;
				CLANG_ENABLE_OBJC_WEAK = YES;
				CLANG_WARN_BLOCK_CAPTURE_AUTORELEASING = YES;
				CLANG_WARN_BOOL_CONVERSION = YES;
				CLANG_WARN_COMMA = YES;
				CLANG_WARN_CONSTANT_CONVERSION = YES;
				CLANG_WARN_DEPRECATED_OBJC_IMPLEMENTATIONS = YES;
				CLANG_WARN_DIRECT_OBJC_ISA_USAGE = YES_ERROR;
				CLANG_WARN_DOCUMENTATION_COMMENTS = YES;
				CLANG_WARN_EMPTY_BODY = YES;
				CLANG_WARN_ENUM_CONVERSION = YES;
				CLANG_WARN_INFINITE_RECURSION = YES;
				CLANG_WARN_INT_CONVERSION = YES;
				CLANG_WARN_NON_LITERAL_NULL_CONVERSION = YES;
				CLANG_WARN_OBJC_IMPLICIT_RETAIN_SELF = YES;
				CLANG_WARN_OBJC_LITERAL_CONVERSION = YES;
				CLANG_WARN_OBJC_ROOT_CLASS = YES_ERROR;
				CLANG_WARN_QUOTED_INCLUDE_IN_FRAMEWORK_HEADER = YES;
				CLANG_WARN_RANGE_LOOP_ANALYSIS = YES;
				CLANG_WARN_STRICT_PROTOTYPES = YES;
				CLANG_WARN_SUSPICIOUS_MOVE = YES;
				CLANG_WARN_UNGUARDED_AVAILABILITY = YES_AGGRESSIVE;
				CLANG_WARN_UNREACHABLE_CODE = YES;
				CLANG_WARN__DUPLICATE_METHOD_MATCH = YES;
				COPY_PHASE_STRIP = NO;
				DEBUG_INFORMATION_FORMAT = dwarf;
				ENABLE_STRICT_OBJC_MSGSEND = YES;
				ENABLE_TESTABILITY = YES;
				GCC_C_LANGUAGE_STANDARD = gnu11;
				GCC_DYNAMIC_NO_PIC = NO;
				GCC_NO_COMMON_BLOCKS = YES;
				GCC_OPTIMIZATION_LEVEL = 0;
				GCC_PREPROCESSOR_DEFINITIONS = (
					"DEBUG=1",
					"$(inherited)",
				);
				GCC_WARN_64_TO_32_BIT_CONVERSION = YES;
				GCC_WARN_ABOUT_RETURN_TYPE = YES_ERROR;
				GCC_WARN_UNDECLARED_SELECTOR = YES;
				GCC_WARN_UNINITIALIZED_AUTOS = YES_AGGRESSIVE;
				GCC_WARN_UNUSED_FUNCTION = YES;
				GCC_WARN_UNUSED_VARIABLE = YES;
				IPHONEOS_DEPLOYMENT_TARGET = 16.0;
				MTL_ENABLE_DEBUG_INFO = INCLUDE_SOURCE;
				MTL_FAST_MATH = YES;
				ONLY_ACTIVE_ARCH = YES;
				SDKROOT = iphoneos;
				SWIFT_ACTIVE_COMPILATION_CONDITIONS = DEBUG;
				SWIFT_OPTIMIZATION_LEVEL = "-Onone";
			};
			name = Debug;
		};
		859E1F91292129CB00571D79 /* Release */ = {
			isa = XCBuildConfiguration;
			buildSettings = {
				ALWAYS_SEARCH_USER_PATHS = NO;
				CLANG_ANALYZER_NONNULL = YES;
				CLANG_ANALYZER_NUMBER_OBJECT_CONVERSION = YES_AGGRESSIVE;
				CLANG_CXX_LANGUAGE_STANDARD = "gnu++20";
				CLANG_ENABLE_MODULES = YES;
				CLANG_ENABLE_OBJC_ARC = YES;
				CLANG_ENABLE_OBJC_WEAK = YES;
				CLANG_WARN_BLOCK_CAPTURE_AUTORELEASING = YES;
				CLANG_WARN_BOOL_CONVERSION = YES;
				CLANG_WARN_COMMA = YES;
				CLANG_WARN_CONSTANT_CONVERSION = YES;
				CLANG_WARN_DEPRECATED_OBJC_IMPLEMENTATIONS = YES;
				CLANG_WARN_DIRECT_OBJC_ISA_USAGE = YES_ERROR;
				CLANG_WARN_DOCUMENTATION_COMMENTS = YES;
				CLANG_WARN_EMPTY_BODY = YES;
				CLANG_WARN_ENUM_CONVERSION = YES;
				CLANG_WARN_INFINITE_RECURSION = YES;
				CLANG_WARN_INT_CONVERSION = YES;
				CLANG_WARN_NON_LITERAL_NULL_CONVERSION = YES;
				CLANG_WARN_OBJC_IMPLICIT_RETAIN_SELF = YES;
				CLANG_WARN_OBJC_LITERAL_CONVERSION = YES;
				CLANG_WARN_OBJC_ROOT_CLASS = YES_ERROR;
				CLANG_WARN_QUOTED_INCLUDE_IN_FRAMEWORK_HEADER = YES;
				CLANG_WARN_RANGE_LOOP_ANALYSIS = YES;
				CLANG_WARN_STRICT_PROTOTYPES = YES;
				CLANG_WARN_SUSPICIOUS_MOVE = YES;
				CLANG_WARN_UNGUARDED_AVAILABILITY = YES_AGGRESSIVE;
				CLANG_WARN_UNREACHABLE_CODE = YES;
				CLANG_WARN__DUPLICATE_METHOD_MATCH = YES;
				COPY_PHASE_STRIP = NO;
				DEBUG_INFORMATION_FORMAT = "dwarf-with-dsym";
				ENABLE_NS_ASSERTIONS = NO;
				ENABLE_STRICT_OBJC_MSGSEND = YES;
				GCC_C_LANGUAGE_STANDARD = gnu11;
				GCC_NO_COMMON_BLOCKS = YES;
				GCC_WARN_64_TO_32_BIT_CONVERSION = YES;
				GCC_WARN_ABOUT_RETURN_TYPE = YES_ERROR;
				GCC_WARN_UNDECLARED_SELECTOR = YES;
				GCC_WARN_UNINITIALIZED_AUTOS = YES_AGGRESSIVE;
				GCC_WARN_UNUSED_FUNCTION = YES;
				GCC_WARN_UNUSED_VARIABLE = YES;
				IPHONEOS_DEPLOYMENT_TARGET = 16.0;
				MTL_ENABLE_DEBUG_INFO = NO;
				MTL_FAST_MATH = YES;
				SDKROOT = iphoneos;
				SWIFT_COMPILATION_MODE = wholemodule;
				SWIFT_OPTIMIZATION_LEVEL = "-O";
				VALIDATE_PRODUCT = YES;
			};
			name = Release;
		};
		859E1F93292129CB00571D79 /* Debug */ = {
			isa = XCBuildConfiguration;
			baseConfigurationReference = 9069A682E87E154FF4A8A14A /* Pods-connect1on.debug.xcconfig */;
			buildSettings = {
				ASSETCATALOG_COMPILER_APPICON_NAME = AppIcon;
				ASSETCATALOG_COMPILER_GLOBAL_ACCENT_COLOR_NAME = AccentColor;
				CODE_SIGN_STYLE = Automatic;
				CURRENT_PROJECT_VERSION = 1;
				DEVELOPMENT_TEAM = W7X5HRD463;
				GENERATE_INFOPLIST_FILE = YES;
				INFOPLIST_FILE = connect1on/Info.plist;
				INFOPLIST_KEY_UIApplicationSupportsIndirectInputEvents = YES;
				INFOPLIST_KEY_UILaunchStoryboardName = LaunchScreen;
				INFOPLIST_KEY_UISupportedInterfaceOrientations_iPad = "UIInterfaceOrientationPortrait UIInterfaceOrientationPortraitUpsideDown UIInterfaceOrientationLandscapeLeft UIInterfaceOrientationLandscapeRight";
				INFOPLIST_KEY_UISupportedInterfaceOrientations_iPhone = "UIInterfaceOrientationPortrait UIInterfaceOrientationLandscapeLeft UIInterfaceOrientationLandscapeRight";
				IPHONEOS_DEPLOYMENT_TARGET = 16.0;
				"IPHONEOS_DEPLOYMENT_TARGET[sdk=iphoneos*]" = 16.0;
				LD_RUNPATH_SEARCH_PATHS = (
					"$(inherited)",
					"@executable_path/Frameworks",
				);
				MARKETING_VERSION = 1.0;
				PRODUCT_BUNDLE_IDENTIFIER = alt.connect1on;
				PRODUCT_NAME = "$(TARGET_NAME)";
				SWIFT_EMIT_LOC_STRINGS = YES;
				SWIFT_VERSION = 5.0;
				TARGETED_DEVICE_FAMILY = "1,2";
			};
			name = Debug;
		};
		859E1F94292129CB00571D79 /* Release */ = {
			isa = XCBuildConfiguration;
			baseConfigurationReference = 960D1ACFE15C91BFD584D495 /* Pods-connect1on.release.xcconfig */;
			buildSettings = {
				ASSETCATALOG_COMPILER_APPICON_NAME = AppIcon;
				ASSETCATALOG_COMPILER_GLOBAL_ACCENT_COLOR_NAME = AccentColor;
				CODE_SIGN_STYLE = Automatic;
				CURRENT_PROJECT_VERSION = 1;
				DEVELOPMENT_TEAM = W7X5HRD463;
				GENERATE_INFOPLIST_FILE = YES;
				INFOPLIST_FILE = connect1on/Info.plist;
				INFOPLIST_KEY_UIApplicationSupportsIndirectInputEvents = YES;
				INFOPLIST_KEY_UILaunchStoryboardName = LaunchScreen;
				INFOPLIST_KEY_UISupportedInterfaceOrientations_iPad = "UIInterfaceOrientationPortrait UIInterfaceOrientationPortraitUpsideDown UIInterfaceOrientationLandscapeLeft UIInterfaceOrientationLandscapeRight";
				INFOPLIST_KEY_UISupportedInterfaceOrientations_iPhone = "UIInterfaceOrientationPortrait UIInterfaceOrientationLandscapeLeft UIInterfaceOrientationLandscapeRight";
				IPHONEOS_DEPLOYMENT_TARGET = 16.0;
				LD_RUNPATH_SEARCH_PATHS = (
					"$(inherited)",
					"@executable_path/Frameworks",
				);
				MARKETING_VERSION = 1.0;
				PRODUCT_BUNDLE_IDENTIFIER = alt.connect1on;
				PRODUCT_NAME = "$(TARGET_NAME)";
				SWIFT_EMIT_LOC_STRINGS = YES;
				SWIFT_VERSION = 5.0;
				TARGETED_DEVICE_FAMILY = "1,2";
			};
			name = Release;
		};
		859E1F96292129CB00571D79 /* Debug */ = {
			isa = XCBuildConfiguration;
			baseConfigurationReference = 438EA330C30B82D531AD9B95 /* Pods-connect1onTests.debug.xcconfig */;
			buildSettings = {
				ALWAYS_EMBED_SWIFT_STANDARD_LIBRARIES = YES;
				BUNDLE_LOADER = "$(TEST_HOST)";
				CODE_SIGN_STYLE = Automatic;
				CURRENT_PROJECT_VERSION = 1;
				DEVELOPMENT_TEAM = W7X5HRD463;
				GENERATE_INFOPLIST_FILE = YES;
				IPHONEOS_DEPLOYMENT_TARGET = 16.0;
				MARKETING_VERSION = 1.0;
				PRODUCT_BUNDLE_IDENTIFIER = art.connect1onTests;
				PRODUCT_NAME = "$(TARGET_NAME)";
				SWIFT_EMIT_LOC_STRINGS = NO;
				SWIFT_VERSION = 5.0;
				TARGETED_DEVICE_FAMILY = "1,2";
				TEST_HOST = "$(BUILT_PRODUCTS_DIR)/connect1on.app/$(BUNDLE_EXECUTABLE_FOLDER_PATH)/connect1on";
			};
			name = Debug;
		};
		859E1F97292129CB00571D79 /* Release */ = {
			isa = XCBuildConfiguration;
			baseConfigurationReference = F6F9656CFC115EA49D81848F /* Pods-connect1onTests.release.xcconfig */;
			buildSettings = {
				ALWAYS_EMBED_SWIFT_STANDARD_LIBRARIES = YES;
				BUNDLE_LOADER = "$(TEST_HOST)";
				CODE_SIGN_STYLE = Automatic;
				CURRENT_PROJECT_VERSION = 1;
				DEVELOPMENT_TEAM = W7X5HRD463;
				GENERATE_INFOPLIST_FILE = YES;
				IPHONEOS_DEPLOYMENT_TARGET = 16.0;
				MARKETING_VERSION = 1.0;
				PRODUCT_BUNDLE_IDENTIFIER = art.connect1onTests;
				PRODUCT_NAME = "$(TARGET_NAME)";
				SWIFT_EMIT_LOC_STRINGS = NO;
				SWIFT_VERSION = 5.0;
				TARGETED_DEVICE_FAMILY = "1,2";
				TEST_HOST = "$(BUILT_PRODUCTS_DIR)/connect1on.app/$(BUNDLE_EXECUTABLE_FOLDER_PATH)/connect1on";
			};
			name = Release;
		};
		859E1F99292129CB00571D79 /* Debug */ = {
			isa = XCBuildConfiguration;
			baseConfigurationReference = 40DD7FF69BB4981F7E7081BB /* Pods-connect1on-connect1onUITests.debug.xcconfig */;
			buildSettings = {
				ALWAYS_EMBED_SWIFT_STANDARD_LIBRARIES = YES;
				CODE_SIGN_STYLE = Automatic;
				CURRENT_PROJECT_VERSION = 1;
				DEVELOPMENT_TEAM = W7X5HRD463;
				GENERATE_INFOPLIST_FILE = YES;
				MARKETING_VERSION = 1.0;
				PRODUCT_BUNDLE_IDENTIFIER = art.connect1onUITests;
				PRODUCT_NAME = "$(TARGET_NAME)";
				SWIFT_EMIT_LOC_STRINGS = NO;
				SWIFT_VERSION = 5.0;
				TARGETED_DEVICE_FAMILY = "1,2";
				TEST_TARGET_NAME = connect1on;
			};
			name = Debug;
		};
		859E1F9A292129CB00571D79 /* Release */ = {
			isa = XCBuildConfiguration;
			baseConfigurationReference = DEBF8AE98E5AE7C91FF67D93 /* Pods-connect1on-connect1onUITests.release.xcconfig */;
			buildSettings = {
				ALWAYS_EMBED_SWIFT_STANDARD_LIBRARIES = YES;
				CODE_SIGN_STYLE = Automatic;
				CURRENT_PROJECT_VERSION = 1;
				DEVELOPMENT_TEAM = W7X5HRD463;
				GENERATE_INFOPLIST_FILE = YES;
				MARKETING_VERSION = 1.0;
				PRODUCT_BUNDLE_IDENTIFIER = art.connect1onUITests;
				PRODUCT_NAME = "$(TARGET_NAME)";
				SWIFT_EMIT_LOC_STRINGS = NO;
				SWIFT_VERSION = 5.0;
				TARGETED_DEVICE_FAMILY = "1,2";
				TEST_TARGET_NAME = connect1on;
			};
			name = Release;
		};
/* End XCBuildConfiguration section */

/* Begin XCConfigurationList section */
		859E1F63292129CA00571D79 /* Build configuration list for PBXProject "connet1on" */ = {
			isa = XCConfigurationList;
			buildConfigurations = (
				859E1F90292129CB00571D79 /* Debug */,
				859E1F91292129CB00571D79 /* Release */,
			);
			defaultConfigurationIsVisible = 0;
			defaultConfigurationName = Release;
		};
		859E1F92292129CB00571D79 /* Build configuration list for PBXNativeTarget "connect1on" */ = {
			isa = XCConfigurationList;
			buildConfigurations = (
				859E1F93292129CB00571D79 /* Debug */,
				859E1F94292129CB00571D79 /* Release */,
			);
			defaultConfigurationIsVisible = 0;
			defaultConfigurationName = Release;
		};
		859E1F95292129CB00571D79 /* Build configuration list for PBXNativeTarget "connect1onTests" */ = {
			isa = XCConfigurationList;
			buildConfigurations = (
				859E1F96292129CB00571D79 /* Debug */,
				859E1F97292129CB00571D79 /* Release */,
			);
			defaultConfigurationIsVisible = 0;
			defaultConfigurationName = Release;
		};
		859E1F98292129CB00571D79 /* Build configuration list for PBXNativeTarget "connect1onUITests" */ = {
			isa = XCConfigurationList;
			buildConfigurations = (
				859E1F99292129CB00571D79 /* Debug */,
				859E1F9A292129CB00571D79 /* Release */,
			);
			defaultConfigurationIsVisible = 0;
			defaultConfigurationName = Release;
		};
/* End XCConfigurationList section */

/* Begin XCRemoteSwiftPackageReference section */
		8505CDC92953F9DF008E4932 /* XCRemoteSwiftPackageReference "MessageKit" */ = {
			isa = XCRemoteSwiftPackageReference;
			repositoryURL = "https://github.com/MessageKit/MessageKit";
			requirement = {
				branch = main;
				kind = branch;
			};
		};
		8556F4582962E6DA0000B03E /* XCRemoteSwiftPackageReference "firebase-ios-sdk" */ = {
			isa = XCRemoteSwiftPackageReference;
			repositoryURL = "https://github.com/firebase/firebase-ios-sdk.git";
			requirement = {
				kind = upToNextMajorVersion;
				minimumVersion = 9.0.0;
			};
		};
		85707495298A2C7B00E933BE /* XCRemoteSwiftPackageReference "Kingfisher" */ = {
			isa = XCRemoteSwiftPackageReference;
			repositoryURL = "https://github.com/onevcat/Kingfisher.git";
			requirement = {
				kind = upToNextMajorVersion;
				minimumVersion = 7.0.0;
			};
		};
		85707498298EA1F900E933BE /* XCRemoteSwiftPackageReference "SnapKit" */ = {
			isa = XCRemoteSwiftPackageReference;
			repositoryURL = "https://github.com/SnapKit/SnapKit.git";
			requirement = {
				kind = upToNextMajorVersion;
				minimumVersion = 5.0.0;
			};
		};
		8570749B298EA22A00E933BE /* XCRemoteSwiftPackageReference "Then" */ = {
			isa = XCRemoteSwiftPackageReference;
			repositoryURL = "https://github.com/devxoul/Then.git";
			requirement = {
				kind = upToNextMajorVersion;
				minimumVersion = 3.0.0;
			};
		};
		8570749E298EA36900E933BE /* XCRemoteSwiftPackageReference "Alamofire" */ = {
			isa = XCRemoteSwiftPackageReference;
			repositoryURL = "https://github.com/Alamofire/Alamofire";
			requirement = {
				kind = upToNextMajorVersion;
				minimumVersion = 5.0.0;
			};
		};
/* End XCRemoteSwiftPackageReference section */

/* Begin XCSwiftPackageProductDependency section */
		8505CDCA2953F9DF008E4932 /* MessageKit */ = {
			isa = XCSwiftPackageProductDependency;
			package = 8505CDC92953F9DF008E4932 /* XCRemoteSwiftPackageReference "MessageKit" */;
			productName = MessageKit;
		};
		8556F4592962E6DA0000B03E /* FirebaseAuth */ = {
			isa = XCSwiftPackageProductDependency;
			package = 8556F4582962E6DA0000B03E /* XCRemoteSwiftPackageReference "firebase-ios-sdk" */;
			productName = FirebaseAuth;
		};
		8556F45B2962E6DA0000B03E /* FirebaseFirestore */ = {
			isa = XCSwiftPackageProductDependency;
			package = 8556F4582962E6DA0000B03E /* XCRemoteSwiftPackageReference "firebase-ios-sdk" */;
			productName = FirebaseFirestore;
		};
		8556F45D2962E6DA0000B03E /* FirebaseFirestoreSwift */ = {
			isa = XCSwiftPackageProductDependency;
			package = 8556F4582962E6DA0000B03E /* XCRemoteSwiftPackageReference "firebase-ios-sdk" */;
			productName = FirebaseFirestoreSwift;
		};
		8556F45F2962E6DA0000B03E /* FirebaseStorage */ = {
			isa = XCSwiftPackageProductDependency;
			package = 8556F4582962E6DA0000B03E /* XCRemoteSwiftPackageReference "firebase-ios-sdk" */;
			productName = FirebaseStorage;
		};
		85707496298A2C7B00E933BE /* Kingfisher */ = {
			isa = XCSwiftPackageProductDependency;
			package = 85707495298A2C7B00E933BE /* XCRemoteSwiftPackageReference "Kingfisher" */;
			productName = Kingfisher;
		};
		85707499298EA1F900E933BE /* SnapKit */ = {
			isa = XCSwiftPackageProductDependency;
			package = 85707498298EA1F900E933BE /* XCRemoteSwiftPackageReference "SnapKit" */;
			productName = SnapKit;
		};
		8570749C298EA22A00E933BE /* Then */ = {
			isa = XCSwiftPackageProductDependency;
			package = 8570749B298EA22A00E933BE /* XCRemoteSwiftPackageReference "Then" */;
			productName = Then;
		};
		8570749F298EA36900E933BE /* Alamofire */ = {
			isa = XCSwiftPackageProductDependency;
			package = 8570749E298EA36900E933BE /* XCRemoteSwiftPackageReference "Alamofire" */;
			productName = Alamofire;
		};
/* End XCSwiftPackageProductDependency section */
	};
	rootObject = 859E1F60292129CA00571D79 /* Project object */;
}
